
Microsoft Visual Studio Solution File, Format Version 12.00
# Visual Studio Version 16
VisualStudioVersion = 16.0.33130.400
MinimumVisualStudioVersion = 10.0.40219.1
Project("{FAE04EC0-301F-11D3-BF4B-00C04F79EFBC}") = "Bai2_36_nguyen", "Bai2_36_nguyen\Bai2_36_nguyen.csproj", "{6B616015-E6BD-42B2-9010-A9AA7DC00054}"
EndProject
Global
	GlobalSection(SolutionConfigurationPlatforms) = preSolution
		Debug|Any CPU = Debug|Any CPU
		Release|Any CPU = Release|Any CPU
	EndGlobalSection
	GlobalSection(ProjectConfigurationPlatforms) = postSolution
		{6B616015-E6BD-42B2-9010-A9AA7DC00054}.Debug|Any CPU.ActiveCfg = Debug|Any CPU
		{6B616015-E6BD-42B2-9010-A9AA7DC00054}.Debug|Any CPU.Build.0 = Debug|Any CPU
		{6B616015-E6BD-42B2-9010-A9AA7DC00054}.Release|Any CPU.ActiveCfg = Release|Any CPU
		{6B616015-E6BD-42B2-9010-A9AA7DC00054}.Release|Any CPU.Build.0 = Release|Any CPU
	EndGlobalSection
	GlobalSection(SolutionProperties) = preSolution
		HideSolutionNode = FALSE
	EndGlobalSection
	GlobalSection(ExtensibilityGlobals) = postSolution
		SolutionGuid = {C05B6E8D-AA99-4AA2-9553-77383504C922}
	EndGlobalSection
EndGlobal
