
Microsoft Visual Studio Solution File, Format Version 12.00
# Visual Studio Version 16
VisualStudioVersion = 16.0.33130.400
MinimumVisualStudioVersion = 10.0.40219.1
Project("{FAE04EC0-301F-11D3-BF4B-00C04F79EFBC}") = "Bai1_36_nguyen", "Bai1_36_nguyen\Bai1_36_nguyen.csproj", "{49CFE6EA-8A05-4146-B2B5-1F4EC9993C3F}"
EndProject
Global
	GlobalSection(SolutionConfigurationPlatforms) = preSolution
		Debug|Any CPU = Debug|Any CPU
		Release|Any CPU = Release|Any CPU
	EndGlobalSection
	GlobalSection(ProjectConfigurationPlatforms) = postSolution
		{49CFE6EA-8A05-4146-B2B5-1F4EC9993C3F}.Debug|Any CPU.ActiveCfg = Debug|Any CPU
		{49CFE6EA-8A05-4146-B2B5-1F4EC9993C3F}.Debug|Any CPU.Build.0 = Debug|Any CPU
		{49CFE6EA-8A05-4146-B2B5-1F4EC9993C3F}.Release|Any CPU.ActiveCfg = Release|Any CPU
		{49CFE6EA-8A05-4146-B2B5-1F4EC9993C3F}.Release|Any CPU.Build.0 = Release|Any CPU
	EndGlobalSection
	GlobalSection(SolutionProperties) = preSolution
		HideSolutionNode = FALSE
	EndGlobalSection
	GlobalSection(ExtensibilityGlobals) = postSolution
		SolutionGuid = {4320ECBC-9F20-4055-9406-D6E6B5D46716}
	EndGlobalSection
EndGlobal
