
Microsoft Visual Studio Solution File, Format Version 12.00
# Visual Studio Version 16
VisualStudioVersion = 16.0.33130.400
MinimumVisualStudioVersion = 10.0.40219.1
Project("{FAE04EC0-301F-11D3-BF4B-00C04F79EFBC}") = "BaiThucHanh1", "BaiThucHanh1\BaiThucHanh1.csproj", "{6A52FE31-70B3-48F7-A507-15512FB83D73}"
EndProject
Global
	GlobalSection(SolutionConfigurationPlatforms) = preSolution
		Debug|Any CPU = Debug|Any CPU
		Release|Any CPU = Release|Any CPU
	EndGlobalSection
	GlobalSection(ProjectConfigurationPlatforms) = postSolution
		{6A52FE31-70B3-48F7-A507-15512FB83D73}.Debug|Any CPU.ActiveCfg = Debug|Any CPU
		{6A52FE31-70B3-48F7-A507-15512FB83D73}.Debug|Any CPU.Build.0 = Debug|Any CPU
		{6A52FE31-70B3-48F7-A507-15512FB83D73}.Release|Any CPU.ActiveCfg = Release|Any CPU
		{6A52FE31-70B3-48F7-A507-15512FB83D73}.Release|Any CPU.Build.0 = Release|Any CPU
	EndGlobalSection
	GlobalSection(SolutionProperties) = preSolution
		HideSolutionNode = FALSE
	EndGlobalSection
	GlobalSection(ExtensibilityGlobals) = postSolution
		SolutionGuid = {2AA80862-99F8-4C0B-9FE3-972E057F3F92}
	EndGlobalSection
EndGlobal
