
Microsoft Visual Studio Solution File, Format Version 12.00
# Visual Studio Version 16
VisualStudioVersion = 16.0.33130.400
MinimumVisualStudioVersion = 10.0.40219.1
Project("{FAE04EC0-301F-11D3-BF4B-00C04F79EFBC}") = "bai4", "bai4\bai4.csproj", "{D0AA5578-E86C-4E7A-BE89-727C773D337A}"
EndProject
Global
	GlobalSection(SolutionConfigurationPlatforms) = preSolution
		Debug|Any CPU = Debug|Any CPU
		Release|Any CPU = Release|Any CPU
	EndGlobalSection
	GlobalSection(ProjectConfigurationPlatforms) = postSolution
		{D0AA5578-E86C-4E7A-BE89-727C773D337A}.Debug|Any CPU.ActiveCfg = Debug|Any CPU
		{D0AA5578-E86C-4E7A-BE89-727C773D337A}.Debug|Any CPU.Build.0 = Debug|Any CPU
		{D0AA5578-E86C-4E7A-BE89-727C773D337A}.Release|Any CPU.ActiveCfg = Release|Any CPU
		{D0AA5578-E86C-4E7A-BE89-727C773D337A}.Release|Any CPU.Build.0 = Release|Any CPU
	EndGlobalSection
	GlobalSection(SolutionProperties) = preSolution
		HideSolutionNode = FALSE
	EndGlobalSection
	GlobalSection(ExtensibilityGlobals) = postSolution
		SolutionGuid = {A0B3FB99-3717-4186-9B9B-36C3092D554C}
	EndGlobalSection
EndGlobal
